// !$*UTF8*$!
{
	archiveVersion = 1;
	classes = {
	};
	objectVersion = 56;
	objects = {

/* Begin PBXBuildFile section */
		F9DE54D02CD3E8960068F512 /* App1117App.swift in Sources */ = {isa = PBXBuildFile; fileRef = F9DE54CF2CD3E8960068F512 /* App1117App.swift */; };
		F9DE54D22CD3E8960068F512 /* ContentView.swift in Sources */ = {isa = PBXBuildFile; fileRef = F9DE54D12CD3E8960068F512 /* ContentView.swift */; };
		F9DE54D42CD3E8980068F512 /* Assets.xcassets in Resources */ = {isa = PBXBuildFile; fileRef = F9DE54D32CD3E8980068F512 /* Assets.xcassets */; };
		F9DE54D72CD3E8980068F512 /* Preview Assets.xcassets in Resources */ = {isa = PBXBuildFile; fileRef = F9DE54D62CD3E8980068F512 /* Preview Assets.xcassets */; };
		F9DE54DE2CD3E9240068F512 /* Launch Screen.storyboard in Resources */ = {isa = PBXBuildFile; fileRef = F9DE54DD2CD3E9240068F512 /* Launch Screen.storyboard */; };
		F9DE54E12CD3E9710068F512 /* LoadingView.swift in Sources */ = {isa = PBXBuildFile; fileRef = F9DE54E02CD3E9710068F512 /* LoadingView.swift */; };
		F9DE54E72CD3E9850068F512 /* Users_1.swift in Sources */ = {isa = PBXBuildFile; fileRef = F9DE54E62CD3E9850068F512 /* Users_1.swift */; };
		F9DE54E92CD3E9880068F512 /* Users_2.swift in Sources */ = {isa = PBXBuildFile; fileRef = F9DE54E82CD3E9880068F512 /* Users_2.swift */; };
		F9DE54EB2CD3E98B0068F512 /* Users_3.swift in Sources */ = {isa = PBXBuildFile; fileRef = F9DE54EA2CD3E98B0068F512 /* Users_3.swift */; };
		F9DE54ED2CD3E98F0068F512 /* Reviewers_1.swift in Sources */ = {isa = PBXBuildFile; fileRef = F9DE54EC2CD3E98F0068F512 /* Reviewers_1.swift */; };
		F9DE54EF2CD3E9930068F512 /* Reviewers_2.swift in Sources */ = {isa = PBXBuildFile; fileRef = F9DE54EE2CD3E9930068F512 /* Reviewers_2.swift */; };
		F9DE54F12CD3E9960068F512 /* Reviewers_3.swift in Sources */ = {isa = PBXBuildFile; fileRef = F9DE54F02CD3E9960068F512 /* Reviewers_3.swift */; };
		F9DE54F32CD3EAA20068F512 /* dr3.swift in Sources */ = {isa = PBXBuildFile; fileRef = F9DE54F22CD3EAA20068F512 /* dr3.swift */; };
		F9DE54F52CD3EAA50068F512 /* sr4.swift in Sources */ = {isa = PBXBuildFile; fileRef = F9DE54F42CD3EAA50068F512 /* sr4.swift */; };
		F9DE54F72CD3EAA80068F512 /* wr5.swift in Sources */ = {isa = PBXBuildFile; fileRef = F9DE54F62CD3EAA80068F512 /* wr5.swift */; };
/* End PBXBuildFile section */

/* Begin PBXFileReference section */
		F9DE54CC2CD3E8960068F512 /* App1117.app */ = {isa = PBXFileReference; explicitFileType = wrapper.application; includeInIndex = 0; path = App1117.app; sourceTree = BUILT_PRODUCTS_DIR; };
		F9DE54CF2CD3E8960068F512 /* App1117App.swift */ = {isa = PBXFileReference; lastKnownFileType = sourcecode.swift; path = App1117App.swift; sourceTree = "<group>"; };
		F9DE54D12CD3E8960068F512 /* ContentView.swift */ = {isa = PBXFileReference; lastKnownFileType = sourcecode.swift; path = ContentView.swift; sourceTree = "<group>"; };
		F9DE54D32CD3E8980068F512 /* Assets.xcassets */ = {isa = PBXFileReference; lastKnownFileType = folder.assetcatalog; path = Assets.xcassets; sourceTree = "<group>"; };
		F9DE54D62CD3E8980068F512 /* Preview Assets.xcassets */ = {isa = PBXFileReference; lastKnownFileType = folder.assetcatalog; path = "Preview Assets.xcassets"; sourceTree = "<group>"; };
		F9DE54DD2CD3E9240068F512 /* Launch Screen.storyboard */ = {isa = PBXFileReference; lastKnownFileType = file.storyboard; path = "Launch Screen.storyboard"; sourceTree = "<group>"; };
		F9DE54E02CD3E9710068F512 /* LoadingView.swift */ = {isa = PBXFileReference; lastKnownFileType = sourcecode.swift; path = LoadingView.swift; sourceTree = "<group>"; };
		F9DE54E62CD3E9850068F512 /* Users_1.swift */ = {isa = PBXFileReference; lastKnownFileType = sourcecode.swift; path = Users_1.swift; sourceTree = "<group>"; };
		F9DE54E82CD3E9880068F512 /* Users_2.swift */ = {isa = PBXFileReference; lastKnownFileType = sourcecode.swift; path = Users_2.swift; sourceTree = "<group>"; };
		F9DE54EA2CD3E98B0068F512 /* Users_3.swift */ = {isa = PBXFileReference; lastKnownFileType = sourcecode.swift; path = Users_3.swift; sourceTree = "<group>"; };
		F9DE54EC2CD3E98F0068F512 /* Reviewers_1.swift */ = {isa = PBXFileReference; lastKnownFileType = sourcecode.swift; path = Reviewers_1.swift; sourceTree = "<group>"; };
		F9DE54EE2CD3E9930068F512 /* Reviewers_2.swift */ = {isa = PBXFileReference; lastKnownFileType = sourcecode.swift; path = Reviewers_2.swift; sourceTree = "<group>"; };
		F9DE54F02CD3E9960068F512 /* Reviewers_3.swift */ = {isa = PBXFileReference; lastKnownFileType = sourcecode.swift; path = Reviewers_3.swift; sourceTree = "<group>"; };
		F9DE54F22CD3EAA20068F512 /* dr3.swift */ = {isa = PBXFileReference; lastKnownFileType = sourcecode.swift; path = dr3.swift; sourceTree = "<group>"; };
		F9DE54F42CD3EAA50068F512 /* sr4.swift */ = {isa = PBXFileReference; lastKnownFileType = sourcecode.swift; path = sr4.swift; sourceTree = "<group>"; };
		F9DE54F62CD3EAA80068F512 /* wr5.swift */ = {isa = PBXFileReference; lastKnownFileType = sourcecode.swift; path = wr5.swift; sourceTree = "<group>"; };
/* End PBXFileReference section */

/* Begin PBXFrameworksBuildPhase section */
		F9DE54C92CD3E8960068F512 /* Frameworks */ = {
			isa = PBXFrameworksBuildPhase;
			buildActionMask = 2147483647;
			files = (
			);
			runOnlyForDeploymentPostprocessing = 0;
		};
/* End PBXFrameworksBuildPhase section */

/* Begin PBXGroup section */
		F9DE54C32CD3E8960068F512 = {
			isa = PBXGroup;
			children = (
				F9DE54CE2CD3E8960068F512 /* App1117 */,
				F9DE54CD2CD3E8960068F512 /* Products */,
			);
			sourceTree = "<group>";
		};
		F9DE54CD2CD3E8960068F512 /* Products */ = {
			isa = PBXGroup;
			children = (
				F9DE54CC2CD3E8960068F512 /* App1117.app */,
			);
			name = Products;
			sourceTree = "<group>";
		};
		F9DE54CE2CD3E8960068F512 /* App1117 */ = {
			isa = PBXGroup;
			children = (
				F9DE54CF2CD3E8960068F512 /* App1117App.swift */,
				F9DE54D12CD3E8960068F512 /* ContentView.swift */,
				F9DE54DF2CD3E96A0068F512 /* Project */,
				F9DE54DD2CD3E9240068F512 /* Launch Screen.storyboard */,
				F9DE54D32CD3E8980068F512 /* Assets.xcassets */,
				F9DE54D52CD3E8980068F512 /* Preview Content */,
			);
			path = App1117;
			sourceTree = "<group>";
		};
		F9DE54D52CD3E8980068F512 /* Preview Content */ = {
			isa = PBXGroup;
			children = (
				F9DE54D62CD3E8980068F512 /* Preview Assets.xcassets */,
			);
			path = "Preview Content";
			sourceTree = "<group>";
		};
		F9DE54DF2CD3E96A0068F512 /* Project */ = {
			isa = PBXGroup;
			children = (
				F9DE54E22CD3E9770068F512 /* Extensions */,
				F9DE54E02CD3E9710068F512 /* LoadingView.swift */,
				F9DE54E32CD3E97A0068F512 /* Splashers */,
			);
			name = Project;
			sourceTree = "<group>";
		};
		F9DE54E22CD3E9770068F512 /* Extensions */ = {
			isa = PBXGroup;
			children = (
				F9DE54F22CD3EAA20068F512 /* dr3.swift */,
				F9DE54F42CD3EAA50068F512 /* sr4.swift */,
				F9DE54F62CD3EAA80068F512 /* wr5.swift */,
			);
			name = Extensions;
			sourceTree = "<group>";
		};
		F9DE54E32CD3E97A0068F512 /* Splashers */ = {
			isa = PBXGroup;
			children = (
				F9DE54E52CD3E9800068F512 /* Users */,
				F9DE54E42CD3E97D0068F512 /* Reviewers */,
			);
			name = Splashers;
			sourceTree = "<group>";
		};
		F9DE54E42CD3E97D0068F512 /* Reviewers */ = {
			isa = PBXGroup;
			children = (
				F9DE54EC2CD3E98F0068F512 /* Reviewers_1.swift */,
				F9DE54EE2CD3E9930068F512 /* Reviewers_2.swift */,
				F9DE54F02CD3E9960068F512 /* Reviewers_3.swift */,
			);
			name = Reviewers;
			sourceTree = "<group>";
		};
		F9DE54E52CD3E9800068F512 /* Users */ = {
			isa = PBXGroup;
			children = (
				F9DE54E62CD3E9850068F512 /* Users_1.swift */,
				F9DE54E82CD3E9880068F512 /* Users_2.swift */,
				F9DE54EA2CD3E98B0068F512 /* Users_3.swift */,
			);
			name = Users;
			sourceTree = "<group>";
		};
/* End PBXGroup section */

/* Begin PBXNativeTarget section */
		F9DE54CB2CD3E8960068F512 /* App1117 */ = {
			isa = PBXNativeTarget;
			buildConfigurationList = F9DE54DA2CD3E8980068F512 /* Build configuration list for PBXNativeTarget "App1117" */;
			buildPhases = (
				F9DE54C82CD3E8960068F512 /* Sources */,
				F9DE54C92CD3E8960068F512 /* Frameworks */,
				F9DE54CA2CD3E8960068F512 /* Resources */,
			);
			buildRules = (
			);
			dependencies = (
			);
			name = App1117;
			productName = App1117;
			productReference = F9DE54CC2CD3E8960068F512 /* App1117.app */;
			productType = "com.apple.product-type.application";
		};
/* End PBXNativeTarget section */

/* Begin PBXProject section */
		F9DE54C42CD3E8960068F512 /* Project object */ = {
			isa = PBXProject;
			attributes = {
				BuildIndependentTargetsInParallel = 1;
				LastSwiftUpdateCheck = 1540;
				LastUpgradeCheck = 1540;
				TargetAttributes = {
					F9DE54CB2CD3E8960068F512 = {
						CreatedOnToolsVersion = 15.4;
					};
				};
			};
			buildConfigurationList = F9DE54C72CD3E8960068F512 /* Build configuration list for PBXProject "App1117" */;
			compatibilityVersion = "Xcode 14.0";
			developmentRegion = en;
			hasScannedForEncodings = 0;
			knownRegions = (
				en,
				Base,
			);
			mainGroup = F9DE54C32CD3E8960068F512;
			productRefGroup = F9DE54CD2CD3E8960068F512 /* Products */;
			projectDirPath = "";
			projectRoot = "";
			targets = (
				F9DE54CB2CD3E8960068F512 /* App1117 */,
			);
		};
/* End PBXProject section */

/* Begin PBXResourcesBuildPhase section */
		F9DE54CA2CD3E8960068F512 /* Resources */ = {
			isa = PBXResourcesBuildPhase;
			buildActionMask = 2147483647;
			files = (
				F9DE54DE2CD3E9240068F512 /* Launch Screen.storyboard in Resources */,
				F9DE54D72CD3E8980068F512 /* Preview Assets.xcassets in Resources */,
				F9DE54D42CD3E8980068F512 /* Assets.xcassets in Resources */,
			);
			runOnlyForDeploymentPostprocessing = 0;
		};
/* End PBXResourcesBuildPhase section */

/* Begin PBXSourcesBuildPhase section */
		F9DE54C82CD3E8960068F512 /* Sources */ = {
			isa = PBXSourcesBuildPhase;
			buildActionMask = 2147483647;
			files = (
				F9DE54EB2CD3E98B0068F512 /* Users_3.swift in Sources */,
				F9DE54F32CD3EAA20068F512 /* dr3.swift in Sources */,
				F9DE54EF2CD3E9930068F512 /* Reviewers_2.swift in Sources */,
				F9DE54E92CD3E9880068F512 /* Users_2.swift in Sources */,
				F9DE54D22CD3E8960068F512 /* ContentView.swift in Sources */,
				F9DE54ED2CD3E98F0068F512 /* Reviewers_1.swift in Sources */,
				F9DE54D02CD3E8960068F512 /* App1117App.swift in Sources */,
				F9DE54E72CD3E9850068F512 /* Users_1.swift in Sources */,
				F9DE54E12CD3E9710068F512 /* LoadingView.swift in Sources */,
				F9DE54F52CD3EAA50068F512 /* sr4.swift in Sources */,
				F9DE54F72CD3EAA80068F512 /* wr5.swift in Sources */,
				F9DE54F12CD3E9960068F512 /* Reviewers_3.swift in Sources */,
			);
			runOnlyForDeploymentPostprocessing = 0;
		};
/* End PBXSourcesBuildPhase section */

/* Begin XCBuildConfiguration section */
		F9DE54D82CD3E8980068F512 /* Debug */ = {
			isa = XCBuildConfiguration;
			buildSettings = {
				ALWAYS_SEARCH_USER_PATHS = NO;
				ASSETCATALOG_COMPILER_GENERATE_SWIFT_ASSET_SYMBOL_EXTENSIONS = YES;
				CLANG_ANALYZER_NONNULL = YES;
				CLANG_ANALYZER_NUMBER_OBJECT_CONVERSION = YES_AGGRESSIVE;
				CLANG_CXX_LANGUAGE_STANDARD = "gnu++20";
				CLANG_ENABLE_MODULES = YES;
				CLANG_ENABLE_OBJC_ARC = YES;
				CLANG_ENABLE_OBJC_WEAK = YES;
				CLANG_WARN_BLOCK_CAPTURE_AUTORELEASING = YES;
				CLANG_WARN_BOOL_CONVERSION = YES;
				CLANG_WARN_COMMA = YES;
				CLANG_WARN_CONSTANT_CONVERSION = YES;
				CLANG_WARN_DEPRECATED_OBJC_IMPLEMENTATIONS = YES;
				CLANG_WARN_DIRECT_OBJC_ISA_USAGE = YES_ERROR;
				CLANG_WARN_DOCUMENTATION_COMMENTS = YES;
				CLANG_WARN_EMPTY_BODY = YES;
				CLANG_WARN_ENUM_CONVERSION = YES;
				CLANG_WARN_INFINITE_RECURSION = YES;
				CLANG_WARN_INT_CONVERSION = YES;
				CLANG_WARN_NON_LITERAL_NULL_CONVERSION = YES;
				CLANG_WARN_OBJC_IMPLICIT_RETAIN_SELF = YES;
				CLANG_WARN_OBJC_LITERAL_CONVERSION = YES;
				CLANG_WARN_OBJC_ROOT_CLASS = YES_ERROR;
				CLANG_WARN_QUOTED_INCLUDE_IN_FRAMEWORK_HEADER = YES;
				CLANG_WARN_RANGE_LOOP_ANALYSIS = YES;
				CLANG_WARN_STRICT_PROTOTYPES = YES;
				CLANG_WARN_SUSPICIOUS_MOVE = YES;
				CLANG_WARN_UNGUARDED_AVAILABILITY = YES_AGGRESSIVE;
				CLANG_WARN_UNREACHABLE_CODE = YES;
				CLANG_WARN__DUPLICATE_METHOD_MATCH = YES;
				COPY_PHASE_STRIP = NO;
				DEBUG_INFORMATION_FORMAT = dwarf;
				ENABLE_STRICT_OBJC_MSGSEND = YES;
				ENABLE_TESTABILITY = YES;
				ENABLE_USER_SCRIPT_SANDBOXING = YES;
				GCC_C_LANGUAGE_STANDARD = gnu17;
				GCC_DYNAMIC_NO_PIC = NO;
				GCC_NO_COMMON_BLOCKS = YES;
				GCC_OPTIMIZATION_LEVEL = 0;
				GCC_PREPROCESSOR_DEFINITIONS = (
					"DEBUG=1",
					"$(inherited)",
				);
				GCC_WARN_64_TO_32_BIT_CONVERSION = YES;
				GCC_WARN_ABOUT_RETURN_TYPE = YES_ERROR;
				GCC_WARN_UNDECLARED_SELECTOR = YES;
				GCC_WARN_UNINITIALIZED_AUTOS = YES_AGGRESSIVE;
				GCC_WARN_UNUSED_FUNCTION = YES;
				GCC_WARN_UNUSED_VARIABLE = YES;
				IPHONEOS_DEPLOYMENT_TARGET = 14.0;
				LOCALIZATION_PREFERS_STRING_CATALOGS = YES;
				MTL_ENABLE_DEBUG_INFO = INCLUDE_SOURCE;
				MTL_FAST_MATH = YES;
				ONLY_ACTIVE_ARCH = YES;
				SDKROOT = iphoneos;
				SWIFT_ACTIVE_COMPILATION_CONDITIONS = "DEBUG $(inherited)";
				SWIFT_OPTIMIZATION_LEVEL = "-Onone";
			};
			name = Debug;
		};
		F9DE54D92CD3E8980068F512 /* Release */ = {
			isa = XCBuildConfiguration;
			buildSettings = {
				ALWAYS_SEARCH_USER_PATHS = NO;
				ASSETCATALOG_COMPILER_GENERATE_SWIFT_ASSET_SYMBOL_EXTENSIONS = YES;
				CLANG_ANALYZER_NONNULL = YES;
				CLANG_ANALYZER_NUMBER_OBJECT_CONVERSION = YES_AGGRESSIVE;
				CLANG_CXX_LANGUAGE_STANDARD = "gnu++20";
				CLANG_ENABLE_MODULES = YES;
				CLANG_ENABLE_OBJC_ARC = YES;
				CLANG_ENABLE_OBJC_WEAK = YES;
				CLANG_WARN_BLOCK_CAPTURE_AUTORELEASING = YES;
				CLANG_WARN_BOOL_CONVERSION = YES;
				CLANG_WARN_COMMA = YES;
				CLANG_WARN_CONSTANT_CONVERSION = YES;
				CLANG_WARN_DEPRECATED_OBJC_IMPLEMENTATIONS = YES;
				CLANG_WARN_DIRECT_OBJC_ISA_USAGE = YES_ERROR;
				CLANG_WARN_DOCUMENTATION_COMMENTS = YES;
				CLANG_WARN_EMPTY_BODY = YES;
				CLANG_WARN_ENUM_CONVERSION = YES;
				CLANG_WARN_INFINITE_RECURSION = YES;
				CLANG_WARN_INT_CONVERSION = YES;
				CLANG_WARN_NON_LITERAL_NULL_CONVERSION = YES;
				CLANG_WARN_OBJC_IMPLICIT_RETAIN_SELF = YES;
				CLANG_WARN_OBJC_LITERAL_CONVERSION = YES;
				CLANG_WARN_OBJC_ROOT_CLASS = YES_ERROR;
				CLANG_WARN_QUOTED_INCLUDE_IN_FRAMEWORK_HEADER = YES;
				CLANG_WARN_RANGE_LOOP_ANALYSIS = YES;
				CLANG_WARN_STRICT_PROTOTYPES = YES;
				CLANG_WARN_SUSPICIOUS_MOVE = YES;
				CLANG_WARN_UNGUARDED_AVAILABILITY = YES_AGGRESSIVE;
				CLANG_WARN_UNREACHABLE_CODE = YES;
				CLANG_WARN__DUPLICATE_METHOD_MATCH = YES;
				COPY_PHASE_STRIP = NO;
				DEBUG_INFORMATION_FORMAT = "dwarf-with-dsym";
				ENABLE_NS_ASSERTIONS = NO;
				ENABLE_STRICT_OBJC_MSGSEND = YES;
				ENABLE_USER_SCRIPT_SANDBOXING = YES;
				GCC_C_LANGUAGE_STANDARD = gnu17;
				GCC_NO_COMMON_BLOCKS = YES;
				GCC_WARN_64_TO_32_BIT_CONVERSION = YES;
				GCC_WARN_ABOUT_RETURN_TYPE = YES_ERROR;
				GCC_WARN_UNDECLARED_SELECTOR = YES;
				GCC_WARN_UNINITIALIZED_AUTOS = YES_AGGRESSIVE;
				GCC_WARN_UNUSED_FUNCTION = YES;
				GCC_WARN_UNUSED_VARIABLE = YES;
				IPHONEOS_DEPLOYMENT_TARGET = 14.0;
				LOCALIZATION_PREFERS_STRING_CATALOGS = YES;
				MTL_ENABLE_DEBUG_INFO = NO;
				MTL_FAST_MATH = YES;
				SDKROOT = iphoneos;
				SWIFT_COMPILATION_MODE = wholemodule;
				VALIDATE_PRODUCT = YES;
			};
			name = Release;
		};
		F9DE54DB2CD3E8980068F512 /* Debug */ = {
			isa = XCBuildConfiguration;
			buildSettings = {
				ASSETCATALOG_COMPILER_APPICON_NAME = AppIcon;
				ASSETCATALOG_COMPILER_GLOBAL_ACCENT_COLOR_NAME = AccentColor;
				CODE_SIGN_STYLE = Automatic;
				CURRENT_PROJECT_VERSION = 2;
				DEVELOPMENT_ASSET_PATHS = "\"App1117/Preview Content\"";
				ENABLE_PREVIEWS = YES;
				GENERATE_INFOPLIST_FILE = YES;
				INFOPLIST_KEY_CFBundleDisplayName = "Count Pek";
				INFOPLIST_KEY_UIApplicationSceneManifest_Generation = YES;
				INFOPLIST_KEY_UIApplicationSupportsIndirectInputEvents = YES;
				INFOPLIST_KEY_UILaunchScreen_Generation = YES;
				INFOPLIST_KEY_UILaunchStoryboardName = "Launch Screen.storyboard";
				INFOPLIST_KEY_UISupportedInterfaceOrientations = UIInterfaceOrientationPortrait;
				INFOPLIST_KEY_UISupportedInterfaceOrientations_iPad = "UIInterfaceOrientationLandscapeLeft UIInterfaceOrientationLandscapeRight UIInterfaceOrientationPortrait UIInterfaceOrientationPortraitUpsideDown";
				LD_RUNPATH_SEARCH_PATHS = (
					"$(inherited)",
					"@executable_path/Frameworks",
				);
				MARKETING_VERSION = 1.0;
				PRODUCT_BUNDLE_IDENTIFIER = app.App1117;
				PRODUCT_NAME = "$(TARGET_NAME)";
				SUPPORTED_PLATFORMS = "iphoneos iphonesimulator";
				SUPPORTS_MACCATALYST = NO;
				SUPPORTS_MAC_DESIGNED_FOR_IPHONE_IPAD = NO;
				SUPPORTS_XR_DESIGNED_FOR_IPHONE_IPAD = NO;
				SWIFT_EMIT_LOC_STRINGS = YES;
				SWIFT_VERSION = 5.0;
				TARGETED_DEVICE_FAMILY = 1;
			};
			name = Debug;
		};
		F9DE54DC2CD3E8980068F512 /* Release */ = {
			isa = XCBuildConfiguration;
			buildSettings = {
				ASSETCATALOG_COMPILER_APPICON_NAME = AppIcon;
				ASSETCATALOG_COMPILER_GLOBAL_ACCENT_COLOR_NAME = AccentColor;
				CODE_SIGN_STYLE = Automatic;
				CURRENT_PROJECT_VERSION = 2;
				DEVELOPMENT_ASSET_PATHS = "\"App1117/Preview Content\"";
				ENABLE_PREVIEWS = YES;
				GENERATE_INFOPLIST_FILE = YES;
				INFOPLIST_KEY_CFBundleDisplayName = "Count Pek";
				INFOPLIST_KEY_UIApplicationSceneManifest_Generation = YES;
				INFOPLIST_KEY_UIApplicationSupportsIndirectInputEvents = YES;
				INFOPLIST_KEY_UILaunchScreen_Generation = YES;
				INFOPLIST_KEY_UILaunchStoryboardName = "Launch Screen.storyboard";
				INFOPLIST_KEY_UISupportedInterfaceOrientations = UIInterfaceOrientationPortrait;
				INFOPLIST_KEY_UISupportedInterfaceOrientations_iPad = "UIInterfaceOrientationLandscapeLeft UIInterfaceOrientationLandscapeRight UIInterfaceOrientationPortrait UIInterfaceOrientationPortraitUpsideDown";
				LD_RUNPATH_SEARCH_PATHS = (
					"$(inherited)",
					"@executable_path/Frameworks",
				);
				MARKETING_VERSION = 1.0;
				PRODUCT_BUNDLE_IDENTIFIER = app.App1117;
				PRODUCT_NAME = "$(TARGET_NAME)";
				SUPPORTED_PLATFORMS = "iphoneos iphonesimulator";
				SUPPORTS_MACCATALYST = NO;
				SUPPORTS_MAC_DESIGNED_FOR_IPHONE_IPAD = NO;
				SUPPORTS_XR_DESIGNED_FOR_IPHONE_IPAD = NO;
				SWIFT_EMIT_LOC_STRINGS = YES;
				SWIFT_VERSION = 5.0;
				TARGETED_DEVICE_FAMILY = 1;
			};
			name = Release;
		};
/* End XCBuildConfiguration section */

/* Begin XCConfigurationList section */
		F9DE54C72CD3E8960068F512 /* Build configuration list for PBXProject "App1117" */ = {
			isa = XCConfigurationList;
			buildConfigurations = (
				F9DE54D82CD3E8980068F512 /* Debug */,
				F9DE54D92CD3E8980068F512 /* Release */,
			);
			defaultConfigurationIsVisible = 0;
			defaultConfigurationName = Release;
		};
		F9DE54DA2CD3E8980068F512 /* Build configuration list for PBXNativeTarget "App1117" */ = {
			isa = XCConfigurationList;
			buildConfigurations = (
				F9DE54DB2CD3E8980068F512 /* Debug */,
				F9DE54DC2CD3E8980068F512 /* Release */,
			);
			defaultConfigurationIsVisible = 0;
			defaultConfigurationName = Release;
		};
/* End XCConfigurationList section */
	};
	rootObject = F9DE54C42CD3E8960068F512 /* Project object */;
}
